// !$*UTF8*$!
{
	archiveVersion = 1;
	classes = {
	};
	objectVersion = 56;
	objects = {

/* Begin PBXBuildFile section */
		60130C522BFD9CF5007B5392 /* ImageListLoader_SwiftUIApp.swift in Sources */ = {isa = PBXBuildFile; fileRef = 60130C512BFD9CF5007B5392 /* ImageListLoader_SwiftUIApp.swift */; };
		60130C542BFD9CF5007B5392 /* MovieListView.swift in Sources */ = {isa = PBXBuildFile; fileRef = 60130C532BFD9CF5007B5392 /* MovieListView.swift */; };
		60130C562BFD9D07007B5392 /* Assets.xcassets in Resources */ = {isa = PBXBuildFile; fileRef = 60130C552BFD9D07007B5392 /* Assets.xcassets */; };
		60130C592BFD9D07007B5392 /* Preview Assets.xcassets in Resources */ = {isa = PBXBuildFile; fileRef = 60130C582BFD9D07007B5392 /* Preview Assets.xcassets */; };
		60130C632BFD9D0B007B5392 /* MovieListViewModelTests.swift in Sources */ = {isa = PBXBuildFile; fileRef = 60130C622BFD9D0B007B5392 /* MovieListViewModelTests.swift */; };
		60130C6D2BFD9D0B007B5392 /* ImageListLoader_SwiftUIUITests.swift in Sources */ = {isa = PBXBuildFile; fileRef = 60130C6C2BFD9D0B007B5392 /* ImageListLoader_SwiftUIUITests.swift */; };
		60130C6F2BFD9D0B007B5392 /* ImageListLoader_SwiftUIUITestsLaunchTests.swift in Sources */ = {isa = PBXBuildFile; fileRef = 60130C6E2BFD9D0B007B5392 /* ImageListLoader_SwiftUIUITestsLaunchTests.swift */; };
		60130C7C2BFD9F8C007B5392 /* MovieService.swift in Sources */ = {isa = PBXBuildFile; fileRef = 60130C7B2BFD9F8C007B5392 /* MovieService.swift */; };
		60130C7E2BFDA0B7007B5392 /* MovieListViewModel.swift in Sources */ = {isa = PBXBuildFile; fileRef = 60130C7D2BFDA0B7007B5392 /* MovieListViewModel.swift */; };
		60130C812BFDB293007B5392 /* MovieResponse.swift in Sources */ = {isa = PBXBuildFile; fileRef = 60130C802BFDB293007B5392 /* MovieResponse.swift */; };
		6017BE7E2C059F3900894AE9 /* ImageLoader.swift in Sources */ = {isa = PBXBuildFile; fileRef = 6017BE7D2C059F3900894AE9 /* ImageLoader.swift */; };
		6017BE822C070A7F00894AE9 /* MovieRowItem.swift in Sources */ = {isa = PBXBuildFile; fileRef = 6017BE812C070A7F00894AE9 /* MovieRowItem.swift */; };
/* End PBXBuildFile section */

/* Begin PBXContainerItemProxy section */
		60130C5F2BFD9D0B007B5392 /* PBXContainerItemProxy */ = {
			isa = PBXContainerItemProxy;
			containerPortal = 60130C462BFD9CF5007B5392 /* Project object */;
			proxyType = 1;
			remoteGlobalIDString = 60130C4D2BFD9CF5007B5392;
			remoteInfo = "ImageListLoader-SwiftUI";
		};
		60130C692BFD9D0B007B5392 /* PBXContainerItemProxy */ = {
			isa = PBXContainerItemProxy;
			containerPortal = 60130C462BFD9CF5007B5392 /* Project object */;
			proxyType = 1;
			remoteGlobalIDString = 60130C4D2BFD9CF5007B5392;
			remoteInfo = "ImageListLoader-SwiftUI";
		};
/* End PBXContainerItemProxy section */

/* Begin PBXFileReference section */
		60130C4E2BFD9CF5007B5392 /* ImageListLoader-SwiftUI.app */ = {isa = PBXFileReference; explicitFileType = wrapper.application; includeInIndex = 0; path = "ImageListLoader-SwiftUI.app"; sourceTree = BUILT_PRODUCTS_DIR; };
		60130C512BFD9CF5007B5392 /* ImageListLoader_SwiftUIApp.swift */ = {isa = PBXFileReference; lastKnownFileType = sourcecode.swift; path = ImageListLoader_SwiftUIApp.swift; sourceTree = "<group>"; };
		60130C532BFD9CF5007B5392 /* MovieListView.swift */ = {isa = PBXFileReference; lastKnownFileType = sourcecode.swift; path = MovieListView.swift; sourceTree = "<group>"; };
		60130C552BFD9D07007B5392 /* Assets.xcassets */ = {isa = PBXFileReference; lastKnownFileType = folder.assetcatalog; path = Assets.xcassets; sourceTree = "<group>"; };
		60130C582BFD9D07007B5392 /* Preview Assets.xcassets */ = {isa = PBXFileReference; lastKnownFileType = folder.assetcatalog; path = "Preview Assets.xcassets"; sourceTree = "<group>"; };
		60130C5E2BFD9D0B007B5392 /* ImageListLoader-SwiftUITests.xctest */ = {isa = PBXFileReference; explicitFileType = wrapper.cfbundle; includeInIndex = 0; path = "ImageListLoader-SwiftUITests.xctest"; sourceTree = BUILT_PRODUCTS_DIR; };
		60130C622BFD9D0B007B5392 /* MovieListViewModelTests.swift */ = {isa = PBXFileReference; lastKnownFileType = sourcecode.swift; path = MovieListViewModelTests.swift; sourceTree = "<group>"; };
		60130C682BFD9D0B007B5392 /* ImageListLoader-SwiftUIUITests.xctest */ = {isa = PBXFileReference; explicitFileType = wrapper.cfbundle; includeInIndex = 0; path = "ImageListLoader-SwiftUIUITests.xctest"; sourceTree = BUILT_PRODUCTS_DIR; };
		60130C6C2BFD9D0B007B5392 /* ImageListLoader_SwiftUIUITests.swift */ = {isa = PBXFileReference; lastKnownFileType = sourcecode.swift; path = ImageListLoader_SwiftUIUITests.swift; sourceTree = "<group>"; };
		60130C6E2BFD9D0B007B5392 /* ImageListLoader_SwiftUIUITestsLaunchTests.swift */ = {isa = PBXFileReference; lastKnownFileType = sourcecode.swift; path = ImageListLoader_SwiftUIUITestsLaunchTests.swift; sourceTree = "<group>"; };
		60130C7B2BFD9F8C007B5392 /* MovieService.swift */ = {isa = PBXFileReference; lastKnownFileType = sourcecode.swift; path = MovieService.swift; sourceTree = "<group>"; };
		60130C7D2BFDA0B7007B5392 /* MovieListViewModel.swift */ = {isa = PBXFileReference; lastKnownFileType = sourcecode.swift; path = MovieListViewModel.swift; sourceTree = "<group>"; };
		60130C802BFDB293007B5392 /* MovieResponse.swift */ = {isa = PBXFileReference; lastKnownFileType = sourcecode.swift; path = MovieResponse.swift; sourceTree = "<group>"; };
		6017BE7D2C059F3900894AE9 /* ImageLoader.swift */ = {isa = PBXFileReference; lastKnownFileType = sourcecode.swift; path = ImageLoader.swift; sourceTree = "<group>"; };
		6017BE812C070A7F00894AE9 /* MovieRowItem.swift */ = {isa = PBXFileReference; lastKnownFileType = sourcecode.swift; path = MovieRowItem.swift; sourceTree = "<group>"; };
		6036E5682C0844D900461CAC /* Config.xcconfig */ = {isa = PBXFileReference; fileEncoding = 4; lastKnownFileType = text.xcconfig; path = Config.xcconfig; sourceTree = SOURCE_ROOT; };
/* End PBXFileReference section */

/* Begin PBXFrameworksBuildPhase section */
		60130C4B2BFD9CF5007B5392 /* Frameworks */ = {
			isa = PBXFrameworksBuildPhase;
			buildActionMask = 2147483647;
			files = (
			);
			runOnlyForDeploymentPostprocessing = 0;
		};
		60130C5B2BFD9D0B007B5392 /* Frameworks */ = {
			isa = PBXFrameworksBuildPhase;
			buildActionMask = 2147483647;
			files = (
			);
			runOnlyForDeploymentPostprocessing = 0;
		};
		60130C652BFD9D0B007B5392 /* Frameworks */ = {
			isa = PBXFrameworksBuildPhase;
			buildActionMask = 2147483647;
			files = (
			);
			runOnlyForDeploymentPostprocessing = 0;
		};
/* End PBXFrameworksBuildPhase section */

/* Begin PBXGroup section */
		60130C452BFD9CF5007B5392 = {
			isa = PBXGroup;
			children = (
				6036E5682C0844D900461CAC /* Config.xcconfig */,
				60130C502BFD9CF5007B5392 /* ImageListLoader-SwiftUI */,
				60130C612BFD9D0B007B5392 /* ImageListLoader-SwiftUITests */,
				60130C6B2BFD9D0B007B5392 /* ImageListLoader-SwiftUIUITests */,
				60130C4F2BFD9CF5007B5392 /* Products */,
			);
			sourceTree = "<group>";
		};
		60130C4F2BFD9CF5007B5392 /* Products */ = {
			isa = PBXGroup;
			children = (
				60130C4E2BFD9CF5007B5392 /* ImageListLoader-SwiftUI.app */,
				60130C5E2BFD9D0B007B5392 /* ImageListLoader-SwiftUITests.xctest */,
				60130C682BFD9D0B007B5392 /* ImageListLoader-SwiftUIUITests.xctest */,
			);
			name = Products;
			sourceTree = "<group>";
		};
		60130C502BFD9CF5007B5392 /* ImageListLoader-SwiftUI */ = {
			isa = PBXGroup;
			children = (
				6017BE802C0709FD00894AE9 /* Services */,
				6017BE7F2C0709E400894AE9 /* Views */,
				6017BE7C2C059F2A00894AE9 /* Utilities */,
				60130C7F2BFDB27E007B5392 /* Models */,
				60130C512BFD9CF5007B5392 /* ImageListLoader_SwiftUIApp.swift */,
				60130C552BFD9D07007B5392 /* Assets.xcassets */,
				60130C572BFD9D07007B5392 /* Preview Content */,
			);
			path = "ImageListLoader-SwiftUI";
			sourceTree = "<group>";
		};
		60130C572BFD9D07007B5392 /* Preview Content */ = {
			isa = PBXGroup;
			children = (
				60130C582BFD9D07007B5392 /* Preview Assets.xcassets */,
			);
			path = "Preview Content";
			sourceTree = "<group>";
		};
		60130C612BFD9D0B007B5392 /* ImageListLoader-SwiftUITests */ = {
			isa = PBXGroup;
			children = (
				60130C622BFD9D0B007B5392 /* MovieListViewModelTests.swift */,
			);
			path = "ImageListLoader-SwiftUITests";
			sourceTree = "<group>";
		};
		60130C6B2BFD9D0B007B5392 /* ImageListLoader-SwiftUIUITests */ = {
			isa = PBXGroup;
			children = (
				60130C6C2BFD9D0B007B5392 /* ImageListLoader_SwiftUIUITests.swift */,
				60130C6E2BFD9D0B007B5392 /* ImageListLoader_SwiftUIUITestsLaunchTests.swift */,
			);
			path = "ImageListLoader-SwiftUIUITests";
			sourceTree = "<group>";
		};
		60130C7F2BFDB27E007B5392 /* Models */ = {
			isa = PBXGroup;
			children = (
				60130C802BFDB293007B5392 /* MovieResponse.swift */,
			);
			path = Models;
			sourceTree = "<group>";
		};
		6017BE7C2C059F2A00894AE9 /* Utilities */ = {
			isa = PBXGroup;
			children = (
				6017BE7D2C059F3900894AE9 /* ImageLoader.swift */,
			);
			path = Utilities;
			sourceTree = "<group>";
		};
		6017BE7F2C0709E400894AE9 /* Views */ = {
			isa = PBXGroup;
			children = (
				60130C532BFD9CF5007B5392 /* MovieListView.swift */,
				60130C7D2BFDA0B7007B5392 /* MovieListViewModel.swift */,
				6017BE812C070A7F00894AE9 /* MovieRowItem.swift */,
			);
			path = Views;
			sourceTree = "<group>";
		};
		6017BE802C0709FD00894AE9 /* Services */ = {
			isa = PBXGroup;
			children = (
				60130C7B2BFD9F8C007B5392 /* MovieService.swift */,
			);
			path = Services;
			sourceTree = "<group>";
		};
/* End PBXGroup section */

/* Begin PBXNativeTarget section */
		60130C4D2BFD9CF5007B5392 /* ImageListLoader-SwiftUI */ = {
			isa = PBXNativeTarget;
			buildConfigurationList = 60130C722BFD9D0B007B5392 /* Build configuration list for PBXNativeTarget "ImageListLoader-SwiftUI" */;
			buildPhases = (
				60130C4A2BFD9CF5007B5392 /* Sources */,
				60130C4B2BFD9CF5007B5392 /* Frameworks */,
				60130C4C2BFD9CF5007B5392 /* Resources */,
			);
			buildRules = (
			);
			dependencies = (
			);
			name = "ImageListLoader-SwiftUI";
			productName = "ImageListLoader-SwiftUI";
			productReference = 60130C4E2BFD9CF5007B5392 /* ImageListLoader-SwiftUI.app */;
			productType = "com.apple.product-type.application";
		};
		60130C5D2BFD9D0B007B5392 /* ImageListLoader-SwiftUITests */ = {
			isa = PBXNativeTarget;
			buildConfigurationList = 60130C752BFD9D0B007B5392 /* Build configuration list for PBXNativeTarget "ImageListLoader-SwiftUITests" */;
			buildPhases = (
				60130C5A2BFD9D0B007B5392 /* Sources */,
				60130C5B2BFD9D0B007B5392 /* Frameworks */,
				60130C5C2BFD9D0B007B5392 /* Resources */,
			);
			buildRules = (
			);
			dependencies = (
				60130C602BFD9D0B007B5392 /* PBXTargetDependency */,
			);
			name = "ImageListLoader-SwiftUITests";
			productName = "ImageListLoader-SwiftUITests";
			productReference = 60130C5E2BFD9D0B007B5392 /* ImageListLoader-SwiftUITests.xctest */;
			productType = "com.apple.product-type.bundle.unit-test";
		};
		60130C672BFD9D0B007B5392 /* ImageListLoader-SwiftUIUITests */ = {
			isa = PBXNativeTarget;
			buildConfigurationList = 60130C782BFD9D0B007B5392 /* Build configuration list for PBXNativeTarget "ImageListLoader-SwiftUIUITests" */;
			buildPhases = (
				60130C642BFD9D0B007B5392 /* Sources */,
				60130C652BFD9D0B007B5392 /* Frameworks */,
				60130C662BFD9D0B007B5392 /* Resources */,
			);
			buildRules = (
			);
			dependencies = (
				60130C6A2BFD9D0B007B5392 /* PBXTargetDependency */,
			);
			name = "ImageListLoader-SwiftUIUITests";
			productName = "ImageListLoader-SwiftUIUITests";
			productReference = 60130C682BFD9D0B007B5392 /* ImageListLoader-SwiftUIUITests.xctest */;
			productType = "com.apple.product-type.bundle.ui-testing";
		};
/* End PBXNativeTarget section */

/* Begin PBXProject section */
		60130C462BFD9CF5007B5392 /* Project object */ = {
			isa = PBXProject;
			attributes = {
				BuildIndependentTargetsInParallel = 1;
				LastSwiftUpdateCheck = 1530;
				LastUpgradeCheck = 1530;
				TargetAttributes = {
					60130C4D2BFD9CF5007B5392 = {
						CreatedOnToolsVersion = 15.3;
					};
					60130C5D2BFD9D0B007B5392 = {
						CreatedOnToolsVersion = 15.3;
						TestTargetID = 60130C4D2BFD9CF5007B5392;
					};
					60130C672BFD9D0B007B5392 = {
						CreatedOnToolsVersion = 15.3;
						TestTargetID = 60130C4D2BFD9CF5007B5392;
					};
				};
			};
			buildConfigurationList = 60130C492BFD9CF5007B5392 /* Build configuration list for PBXProject "ImageListLoader-SwiftUI" */;
			compatibilityVersion = "Xcode 14.0";
			developmentRegion = en;
			hasScannedForEncodings = 0;
			knownRegions = (
				en,
				Base,
			);
			mainGroup = 60130C452BFD9CF5007B5392;
			productRefGroup = 60130C4F2BFD9CF5007B5392 /* Products */;
			projectDirPath = "";
			projectRoot = "";
			targets = (
				60130C4D2BFD9CF5007B5392 /* ImageListLoader-SwiftUI */,
				60130C5D2BFD9D0B007B5392 /* ImageListLoader-SwiftUITests */,
				60130C672BFD9D0B007B5392 /* ImageListLoader-SwiftUIUITests */,
			);
		};
/* End PBXProject section */

/* Begin PBXResourcesBuildPhase section */
		60130C4C2BFD9CF5007B5392 /* Resources */ = {
			isa = PBXResourcesBuildPhase;
			buildActionMask = 2147483647;
			files = (
				60130C592BFD9D07007B5392 /* Preview Assets.xcassets in Resources */,
				60130C562BFD9D07007B5392 /* Assets.xcassets in Resources */,
			);
			runOnlyForDeploymentPostprocessing = 0;
		};
		60130C5C2BFD9D0B007B5392 /* Resources */ = {
			isa = PBXResourcesBuildPhase;
			buildActionMask = 2147483647;
			files = (
			);
			runOnlyForDeploymentPostprocessing = 0;
		};
		60130C662BFD9D0B007B5392 /* Resources */ = {
			isa = PBXResourcesBuildPhase;
			buildActionMask = 2147483647;
			files = (
			);
			runOnlyForDeploymentPostprocessing = 0;
		};
/* End PBXResourcesBuildPhase section */

/* Begin PBXSourcesBuildPhase section */
		60130C4A2BFD9CF5007B5392 /* Sources */ = {
			isa = PBXSourcesBuildPhase;
			buildActionMask = 2147483647;
			files = (
				60130C7C2BFD9F8C007B5392 /* MovieService.swift in Sources */,
				60130C812BFDB293007B5392 /* MovieResponse.swift in Sources */,
				6017BE7E2C059F3900894AE9 /* ImageLoader.swift in Sources */,
				6017BE822C070A7F00894AE9 /* MovieRowItem.swift in Sources */,
				60130C542BFD9CF5007B5392 /* MovieListView.swift in Sources */,
				60130C522BFD9CF5007B5392 /* ImageListLoader_SwiftUIApp.swift in Sources */,
				60130C7E2BFDA0B7007B5392 /* MovieListViewModel.swift in Sources */,
			);
			runOnlyForDeploymentPostprocessing = 0;
		};
		60130C5A2BFD9D0B007B5392 /* Sources */ = {
			isa = PBXSourcesBuildPhase;
			buildActionMask = 2147483647;
			files = (
				60130C632BFD9D0B007B5392 /* MovieListViewModelTests.swift in Sources */,
			);
			runOnlyForDeploymentPostprocessing = 0;
		};
		60130C642BFD9D0B007B5392 /* Sources */ = {
			isa = PBXSourcesBuildPhase;
			buildActionMask = 2147483647;
			files = (
				60130C6D2BFD9D0B007B5392 /* ImageListLoader_SwiftUIUITests.swift in Sources */,
				60130C6F2BFD9D0B007B5392 /* ImageListLoader_SwiftUIUITestsLaunchTests.swift in Sources */,
			);
			runOnlyForDeploymentPostprocessing = 0;
		};
/* End PBXSourcesBuildPhase section */

/* Begin PBXTargetDependency section */
		60130C602BFD9D0B007B5392 /* PBXTargetDependency */ = {
			isa = PBXTargetDependency;
			target = 60130C4D2BFD9CF5007B5392 /* ImageListLoader-SwiftUI */;
			targetProxy = 60130C5F2BFD9D0B007B5392 /* PBXContainerItemProxy */;
		};
		60130C6A2BFD9D0B007B5392 /* PBXTargetDependency */ = {
			isa = PBXTargetDependency;
			target = 60130C4D2BFD9CF5007B5392 /* ImageListLoader-SwiftUI */;
			targetProxy = 60130C692BFD9D0B007B5392 /* PBXContainerItemProxy */;
		};
/* End PBXTargetDependency section */

/* Begin XCBuildConfiguration section */
		60130C702BFD9D0B007B5392 /* Debug */ = {
			isa = XCBuildConfiguration;
			baseConfigurationReference = 6036E5682C0844D900461CAC /* Config.xcconfig */;
			buildSettings = {
				ACCESS_TOKEN = "$(ACCESS_TOKEN)";
				ALWAYS_SEARCH_USER_PATHS = NO;
				ASSETCATALOG_COMPILER_GENERATE_SWIFT_ASSET_SYMBOL_EXTENSIONS = YES;
				CLANG_ANALYZER_NONNULL = YES;
				CLANG_ANALYZER_NUMBER_OBJECT_CONVERSION = YES_AGGRESSIVE;
				CLANG_CXX_LANGUAGE_STANDARD = "gnu++20";
				CLANG_ENABLE_MODULES = YES;
				CLANG_ENABLE_OBJC_ARC = YES;
				CLANG_ENABLE_OBJC_WEAK = YES;
				CLANG_WARN_BLOCK_CAPTURE_AUTORELEASING = YES;
				CLANG_WARN_BOOL_CONVERSION = YES;
				CLANG_WARN_COMMA = YES;
				CLANG_WARN_CONSTANT_CONVERSION = YES;
				CLANG_WARN_DEPRECATED_OBJC_IMPLEMENTATIONS = YES;
				CLANG_WARN_DIRECT_OBJC_ISA_USAGE = YES_ERROR;
				CLANG_WARN_DOCUMENTATION_COMMENTS = YES;
				CLANG_WARN_EMPTY_BODY = YES;
				CLANG_WARN_ENUM_CONVERSION = YES;
				CLANG_WARN_INFINITE_RECURSION = YES;
				CLANG_WARN_INT_CONVERSION = YES;
				CLANG_WARN_NON_LITERAL_NULL_CONVERSION = YES;
				CLANG_WARN_OBJC_IMPLICIT_RETAIN_SELF = YES;
				CLANG_WARN_OBJC_LITERAL_CONVERSION = YES;
				CLANG_WARN_OBJC_ROOT_CLASS = YES_ERROR;
				CLANG_WARN_QUOTED_INCLUDE_IN_FRAMEWORK_HEADER = YES;
				CLANG_WARN_RANGE_LOOP_ANALYSIS = YES;
				CLANG_WARN_STRICT_PROTOTYPES = YES;
				CLANG_WARN_SUSPICIOUS_MOVE = YES;
				CLANG_WARN_UNGUARDED_AVAILABILITY = YES_AGGRESSIVE;
				CLANG_WARN_UNREACHABLE_CODE = YES;
				CLANG_WARN__DUPLICATE_METHOD_MATCH = YES;
				COPY_PHASE_STRIP = NO;
				DEBUG_INFORMATION_FORMAT = dwarf;
				ENABLE_STRICT_OBJC_MSGSEND = YES;
				ENABLE_TESTABILITY = YES;
				ENABLE_USER_SCRIPT_SANDBOXING = YES;
				GCC_C_LANGUAGE_STANDARD = gnu17;
				GCC_DYNAMIC_NO_PIC = NO;
				GCC_NO_COMMON_BLOCKS = YES;
				GCC_OPTIMIZATION_LEVEL = 0;
				GCC_PREPROCESSOR_DEFINITIONS = (
					"DEBUG=1",
					"$(inherited)",
				);
				GCC_WARN_64_TO_32_BIT_CONVERSION = YES;
				GCC_WARN_ABOUT_RETURN_TYPE = YES_ERROR;
				GCC_WARN_UNDECLARED_SELECTOR = YES;
				GCC_WARN_UNINITIALIZED_AUTOS = YES_AGGRESSIVE;
				GCC_WARN_UNUSED_FUNCTION = YES;
				GCC_WARN_UNUSED_VARIABLE = YES;
				IPHONEOS_DEPLOYMENT_TARGET = 17.4;
				LOCALIZATION_PREFERS_STRING_CATALOGS = YES;
				MTL_ENABLE_DEBUG_INFO = INCLUDE_SOURCE;
				MTL_FAST_MATH = YES;
				ONLY_ACTIVE_ARCH = YES;
				SDKROOT = iphoneos;
				SWIFT_ACTIVE_COMPILATION_CONDITIONS = "DEBUG $(inherited)";
				SWIFT_OPTIMIZATION_LEVEL = "-Onone";
			};
			name = Debug;
		};
		60130C712BFD9D0B007B5392 /* Release */ = {
			isa = XCBuildConfiguration;
			baseConfigurationReference = 6036E5682C0844D900461CAC /* Config.xcconfig */;
			buildSettings = {
				ACCESS_TOKEN = "";
				"ACCESS_TOKEN[arch=*]" = "$(ACCESS_TOKEN)";
				ALWAYS_SEARCH_USER_PATHS = NO;
				ASSETCATALOG_COMPILER_GENERATE_SWIFT_ASSET_SYMBOL_EXTENSIONS = YES;
				CLANG_ANALYZER_NONNULL = YES;
				CLANG_ANALYZER_NUMBER_OBJECT_CONVERSION = YES_AGGRESSIVE;
				CLANG_CXX_LANGUAGE_STANDARD = "gnu++20";
				CLANG_ENABLE_MODULES = YES;
				CLANG_ENABLE_OBJC_ARC = YES;
				CLANG_ENABLE_OBJC_WEAK = YES;
				CLANG_WARN_BLOCK_CAPTURE_AUTORELEASING = YES;
				CLANG_WARN_BOOL_CONVERSION = YES;
				CLANG_WARN_COMMA = YES;
				CLANG_WARN_CONSTANT_CONVERSION = YES;
				CLANG_WARN_DEPRECATED_OBJC_IMPLEMENTATIONS = YES;
				CLANG_WARN_DIRECT_OBJC_ISA_USAGE = YES_ERROR;
				CLANG_WARN_DOCUMENTATION_COMMENTS = YES;
				CLANG_WARN_EMPTY_BODY = YES;
				CLANG_WARN_ENUM_CONVERSION = YES;
				CLANG_WARN_INFINITE_RECURSION = YES;
				CLANG_WARN_INT_CONVERSION = YES;
				CLANG_WARN_NON_LITERAL_NULL_CONVERSION = YES;
				CLANG_WARN_OBJC_IMPLICIT_RETAIN_SELF = YES;
				CLANG_WARN_OBJC_LITERAL_CONVERSION = YES;
				CLANG_WARN_OBJC_ROOT_CLASS = YES_ERROR;
				CLANG_WARN_QUOTED_INCLUDE_IN_FRAMEWORK_HEADER = YES;
				CLANG_WARN_RANGE_LOOP_ANALYSIS = YES;
				CLANG_WARN_STRICT_PROTOTYPES = YES;
				CLANG_WARN_SUSPICIOUS_MOVE = YES;
				CLANG_WARN_UNGUARDED_AVAILABILITY = YES_AGGRESSIVE;
				CLANG_WARN_UNREACHABLE_CODE = YES;
				CLANG_WARN__DUPLICATE_METHOD_MATCH = YES;
				COPY_PHASE_STRIP = NO;
				DEBUG_INFORMATION_FORMAT = "dwarf-with-dsym";
				ENABLE_NS_ASSERTIONS = NO;
				ENABLE_STRICT_OBJC_MSGSEND = YES;
				ENABLE_USER_SCRIPT_SANDBOXING = YES;
				GCC_C_LANGUAGE_STANDARD = gnu17;
				GCC_NO_COMMON_BLOCKS = YES;
				GCC_WARN_64_TO_32_BIT_CONVERSION = YES;
				GCC_WARN_ABOUT_RETURN_TYPE = YES_ERROR;
				GCC_WARN_UNDECLARED_SELECTOR = YES;
				GCC_WARN_UNINITIALIZED_AUTOS = YES_AGGRESSIVE;
				GCC_WARN_UNUSED_FUNCTION = YES;
				GCC_WARN_UNUSED_VARIABLE = YES;
				IPHONEOS_DEPLOYMENT_TARGET = 17.4;
				LOCALIZATION_PREFERS_STRING_CATALOGS = YES;
				MTL_ENABLE_DEBUG_INFO = NO;
				MTL_FAST_MATH = YES;
				SDKROOT = iphoneos;
				SWIFT_COMPILATION_MODE = wholemodule;
				VALIDATE_PRODUCT = YES;
			};
			name = Release;
		};
		60130C732BFD9D0B007B5392 /* Debug */ = {
			isa = XCBuildConfiguration;
			buildSettings = {
				ACCESS_TOKEN = "$(ACCESS_TOKEN)";
				ASSETCATALOG_COMPILER_APPICON_NAME = AppIcon;
				ASSETCATALOG_COMPILER_GLOBAL_ACCENT_COLOR_NAME = AccentColor;
				CODE_SIGN_STYLE = Manual;
				CURRENT_PROJECT_VERSION = 1;
				DEVELOPMENT_ASSET_PATHS = "\"ImageListLoader-SwiftUI/Preview Content\"";
				DEVELOPMENT_TEAM = "";
				ENABLE_PREVIEWS = YES;
				GENERATE_INFOPLIST_FILE = YES;
				INFOPLIST_FILE = "ImageListLoader-SwiftUI/Info.plist";
				INFOPLIST_KEY_UIApplicationSceneManifest_Generation = YES;
				INFOPLIST_KEY_UIApplicationSupportsIndirectInputEvents = YES;
				INFOPLIST_KEY_UILaunchScreen_Generation = YES;
				INFOPLIST_KEY_UISupportedInterfaceOrientations_iPad = "UIInterfaceOrientationPortrait UIInterfaceOrientationPortraitUpsideDown UIInterfaceOrientationLandscapeLeft UIInterfaceOrientationLandscapeRight";
				INFOPLIST_KEY_UISupportedInterfaceOrientations_iPhone = "UIInterfaceOrientationPortrait UIInterfaceOrientationLandscapeLeft UIInterfaceOrientationLandscapeRight";
				LD_RUNPATH_SEARCH_PATHS = (
					"$(inherited)",
					"@executable_path/Frameworks",
				);
				MARKETING_VERSION = 1.0;
				PRODUCT_BUNDLE_IDENTIFIER = "com.stanmation.ImageListLoader-SwiftUI";
				PRODUCT_NAME = "$(TARGET_NAME)";
				PROVISIONING_PROFILE_SPECIFIER = "";
				SWIFT_EMIT_LOC_STRINGS = YES;
				SWIFT_VERSION = 5.0;
				TARGETED_DEVICE_FAMILY = "1,2";
			};
			name = Debug;
		};
		60130C742BFD9D0B007B5392 /* Release */ = {
			isa = XCBuildConfiguration;
			buildSettings = {
				ACCESS_TOKEN = "$(ACCESS_TOKEN)";
				ASSETCATALOG_COMPILER_APPICON_NAME = AppIcon;
				ASSETCATALOG_COMPILER_GLOBAL_ACCENT_COLOR_NAME = AccentColor;
				CODE_SIGN_STYLE = Manual;
				CURRENT_PROJECT_VERSION = 1;
				DEVELOPMENT_ASSET_PATHS = "\"ImageListLoader-SwiftUI/Preview Content\"";
				DEVELOPMENT_TEAM = "";
				ENABLE_PREVIEWS = YES;
				GENERATE_INFOPLIST_FILE = YES;
				INFOPLIST_FILE = "ImageListLoader-SwiftUI/Info.plist";
				INFOPLIST_KEY_UIApplicationSceneManifest_Generation = YES;
				INFOPLIST_KEY_UIApplicationSupportsIndirectInputEvents = YES;
				INFOPLIST_KEY_UILaunchScreen_Generation = YES;
				INFOPLIST_KEY_UISupportedInterfaceOrientations_iPad = "UIInterfaceOrientationPortrait UIInterfaceOrientationPortraitUpsideDown UIInterfaceOrientationLandscapeLeft UIInterfaceOrientationLandscapeRight";
				INFOPLIST_KEY_UISupportedInterfaceOrientations_iPhone = "UIInterfaceOrientationPortrait UIInterfaceOrientationLandscapeLeft UIInterfaceOrientationLandscapeRight";
				LD_RUNPATH_SEARCH_PATHS = (
					"$(inherited)",
					"@executable_path/Frameworks",
				);
				MARKETING_VERSION = 1.0;
				PRODUCT_BUNDLE_IDENTIFIER = "com.stanmation.ImageListLoader-SwiftUI";
				PRODUCT_NAME = "$(TARGET_NAME)";
				PROVISIONING_PROFILE_SPECIFIER = "";
				SWIFT_EMIT_LOC_STRINGS = YES;
				SWIFT_VERSION = 5.0;
				TARGETED_DEVICE_FAMILY = "1,2";
			};
			name = Release;
		};
		60130C762BFD9D0B007B5392 /* Debug */ = {
			isa = XCBuildConfiguration;
			buildSettings = {
				ALWAYS_EMBED_SWIFT_STANDARD_LIBRARIES = YES;
				BUNDLE_LOADER = "$(TEST_HOST)";
				CODE_SIGN_STYLE = Automatic;
				CURRENT_PROJECT_VERSION = 1;
				DEVELOPMENT_TEAM = BB9L88K7Q5;
				GENERATE_INFOPLIST_FILE = YES;
				IPHONEOS_DEPLOYMENT_TARGET = 17.4;
				MARKETING_VERSION = 1.0;
				PRODUCT_BUNDLE_IDENTIFIER = "com.stanmation.ImageListLoader-SwiftUITests";
				PRODUCT_NAME = "$(TARGET_NAME)";
				SWIFT_EMIT_LOC_STRINGS = NO;
				SWIFT_VERSION = 5.0;
				TARGETED_DEVICE_FAMILY = "1,2";
				TEST_HOST = "$(BUILT_PRODUCTS_DIR)/ImageListLoader-SwiftUI.app/$(BUNDLE_EXECUTABLE_FOLDER_PATH)/ImageListLoader-SwiftUI";
			};
			name = Debug;
		};
		60130C772BFD9D0B007B5392 /* Release */ = {
			isa = XCBuildConfiguration;
			buildSettings = {
				ALWAYS_EMBED_SWIFT_STANDARD_LIBRARIES = YES;
				BUNDLE_LOADER = "$(TEST_HOST)";
				CODE_SIGN_STYLE = Automatic;
				CURRENT_PROJECT_VERSION = 1;
				DEVELOPMENT_TEAM = BB9L88K7Q5;
				GENERATE_INFOPLIST_FILE = YES;
				IPHONEOS_DEPLOYMENT_TARGET = 17.4;
				MARKETING_VERSION = 1.0;
				PRODUCT_BUNDLE_IDENTIFIER = "com.stanmation.ImageListLoader-SwiftUITests";
				PRODUCT_NAME = "$(TARGET_NAME)";
				SWIFT_EMIT_LOC_STRINGS = NO;
				SWIFT_VERSION = 5.0;
				TARGETED_DEVICE_FAMILY = "1,2";
				TEST_HOST = "$(BUILT_PRODUCTS_DIR)/ImageListLoader-SwiftUI.app/$(BUNDLE_EXECUTABLE_FOLDER_PATH)/ImageListLoader-SwiftUI";
			};
			name = Release;
		};
		60130C792BFD9D0B007B5392 /* Debug */ = {
			isa = XCBuildConfiguration;
			buildSettings = {
				ALWAYS_EMBED_SWIFT_STANDARD_LIBRARIES = YES;
				CODE_SIGN_STYLE = Automatic;
				CURRENT_PROJECT_VERSION = 1;
				DEVELOPMENT_TEAM = BB9L88K7Q5;
				GENERATE_INFOPLIST_FILE = YES;
				MARKETING_VERSION = 1.0;
				PRODUCT_BUNDLE_IDENTIFIER = "com.stanmation.ImageListLoader-SwiftUIUITests";
				PRODUCT_NAME = "$(TARGET_NAME)";
				SWIFT_EMIT_LOC_STRINGS = NO;
				SWIFT_VERSION = 5.0;
				TARGETED_DEVICE_FAMILY = "1,2";
				TEST_TARGET_NAME = "ImageListLoader-SwiftUI";
			};
			name = Debug;
		};
		60130C7A2BFD9D0B007B5392 /* Release */ = {
			isa = XCBuildConfiguration;
			buildSettings = {
				ALWAYS_EMBED_SWIFT_STANDARD_LIBRARIES = YES;
				CODE_SIGN_STYLE = Automatic;
				CURRENT_PROJECT_VERSION = 1;
				DEVELOPMENT_TEAM = BB9L88K7Q5;
				GENERATE_INFOPLIST_FILE = YES;
				MARKETING_VERSION = 1.0;
				PRODUCT_BUNDLE_IDENTIFIER = "com.stanmation.ImageListLoader-SwiftUIUITests";
				PRODUCT_NAME = "$(TARGET_NAME)";
				SWIFT_EMIT_LOC_STRINGS = NO;
				SWIFT_VERSION = 5.0;
				TARGETED_DEVICE_FAMILY = "1,2";
				TEST_TARGET_NAME = "ImageListLoader-SwiftUI";
			};
			name = Release;
		};
/* End XCBuildConfiguration section */

/* Begin XCConfigurationList section */
		60130C492BFD9CF5007B5392 /* Build configuration list for PBXProject "ImageListLoader-SwiftUI" */ = {
			isa = XCConfigurationList;
			buildConfigurations = (
				60130C702BFD9D0B007B5392 /* Debug */,
				60130C712BFD9D0B007B5392 /* Release */,
			);
			defaultConfigurationIsVisible = 0;
			defaultConfigurationName = Release;
		};
		60130C722BFD9D0B007B5392 /* Build configuration list for PBXNativeTarget "ImageListLoader-SwiftUI" */ = {
			isa = XCConfigurationList;
			buildConfigurations = (
				60130C732BFD9D0B007B5392 /* Debug */,
				60130C742BFD9D0B007B5392 /* Release */,
			);
			defaultConfigurationIsVisible = 0;
			defaultConfigurationName = Release;
		};
		60130C752BFD9D0B007B5392 /* Build configuration list for PBXNativeTarget "ImageListLoader-SwiftUITests" */ = {
			isa = XCConfigurationList;
			buildConfigurations = (
				60130C762BFD9D0B007B5392 /* Debug */,
				60130C772BFD9D0B007B5392 /* Release */,
			);
			defaultConfigurationIsVisible = 0;
			defaultConfigurationName = Release;
		};
		60130C782BFD9D0B007B5392 /* Build configuration list for PBXNativeTarget "ImageListLoader-SwiftUIUITests" */ = {
			isa = XCConfigurationList;
			buildConfigurations = (
				60130C792BFD9D0B007B5392 /* Debug */,
				60130C7A2BFD9D0B007B5392 /* Release */,
			);
			defaultConfigurationIsVisible = 0;
			defaultConfigurationName = Release;
		};
/* End XCConfigurationList section */
	};
	rootObject = 60130C462BFD9CF5007B5392 /* Project object */;
}
